
Microsoft Visual Studio Solution File, Format Version 12.00
# Visual Studio Version 17
VisualStudioVersion = 17.8.34309.116
MinimumVisualStudioVersion = 10.0.40219.1
Project("{8BC9CEB8-8B4A-11D0-8D11-00A0C91BC942}") = "Sea Battle", "Sea Battle\Sea Battle.vcxproj", "{2D5A960F-D892-4850-884B-BAC40CDADADB}"
EndProject
Global
	GlobalSection(SolutionConfigurationPlatforms) = preSolution
		Debug|x64 = Debug|x64
		Debug|x86 = Debug|x86
		Release|x64 = Release|x64
		Release|x86 = Release|x86
	EndGlobalSection
	GlobalSection(ProjectConfigurationPlatforms) = postSolution
		{2D5A960F-D892-4850-884B-BAC40CDADADB}.Debug|x64.ActiveCfg = Debug|x64
		{2D5A960F-D892-4850-884B-BAC40CDADADB}.Debug|x64.Build.0 = Debug|x64
		{2D5A960F-D892-4850-884B-BAC40CDADADB}.Debug|x86.ActiveCfg = Debug|Win32
		{2D5A960F-D892-4850-884B-BAC40CDADADB}.Debug|x86.Build.0 = Debug|Win32
		{2D5A960F-D892-4850-884B-BAC40CDADADB}.Release|x64.ActiveCfg = Release|x64
		{2D5A960F-D892-4850-884B-BAC40CDADADB}.Release|x64.Build.0 = Release|x64
		{2D5A960F-D892-4850-884B-BAC40CDADADB}.Release|x86.ActiveCfg = Release|Win32
		{2D5A960F-D892-4850-884B-BAC40CDADADB}.Release|x86.Build.0 = Release|Win32
	EndGlobalSection
	GlobalSection(SolutionProperties) = preSolution
		HideSolutionNode = FALSE
	EndGlobalSection
	GlobalSection(ExtensibilityGlobals) = postSolution
		SolutionGuid = {52648602-8116-4F36-BCF2-40E425708002}
	EndGlobalSection
EndGlobal
